// !$*UTF8*$!
{
	archiveVersion = 1;
	classes = {
	};
	objectVersion = 55;
	objects = {

/* Begin PBXBuildFile section */
		3E467A8A27797D6B003B84C9 /* Constants.swift in Sources */ = {isa = PBXBuildFile; fileRef = 3E467A8927797D6B003B84C9 /* Constants.swift */; };
		3E467A8C27797ED2003B84C9 /* BaseVC.swift in Sources */ = {isa = PBXBuildFile; fileRef = 3E467A8B27797ED2003B84C9 /* BaseVC.swift */; };
		3EEFD8CD2776339B00AC68F9 /* AppDelegate.swift in Sources */ = {isa = PBXBuildFile; fileRef = 3EEFD8CC2776339B00AC68F9 /* AppDelegate.swift */; };
		3EEFD8CF2776339B00AC68F9 /* SceneDelegate.swift in Sources */ = {isa = PBXBuildFile; fileRef = 3EEFD8CE2776339B00AC68F9 /* SceneDelegate.swift */; };
		3EEFD8D12776339B00AC68F9 /* HomeVC.swift in Sources */ = {isa = PBXBuildFile; fileRef = 3EEFD8D02776339B00AC68F9 /* HomeVC.swift */; };
		3EEFD8D42776339B00AC68F9 /* Main.storyboard in Resources */ = {isa = PBXBuildFile; fileRef = 3EEFD8D22776339B00AC68F9 /* Main.storyboard */; };
		3EEFD8D62776339C00AC68F9 /* Assets.xcassets in Resources */ = {isa = PBXBuildFile; fileRef = 3EEFD8D52776339C00AC68F9 /* Assets.xcassets */; };
		3EEFD8D92776339C00AC68F9 /* LaunchScreen.storyboard in Resources */ = {isa = PBXBuildFile; fileRef = 3EEFD8D72776339C00AC68F9 /* LaunchScreen.storyboard */; };
		3EEFD8E127763AEC00AC68F9 /* UserListVC.swift in Sources */ = {isa = PBXBuildFile; fileRef = 3EEFD8E027763AEC00AC68F9 /* UserListVC.swift */; };
		3EEFD8E327763B9300AC68F9 /* PhotoCollectionVC.swift in Sources */ = {isa = PBXBuildFile; fileRef = 3EEFD8E227763B9300AC68F9 /* PhotoCollectionVC.swift */; };
		D8CB263DBFD7C212136AE7F2 /* Pods_JeongTutorial.framework in Frameworks */ = {isa = PBXBuildFile; fileRef = 22A6C934D78C5B3E152F9B96 /* Pods_JeongTutorial.framework */; };
/* End PBXBuildFile section */

/* Begin PBXFileReference section */
		22A6C934D78C5B3E152F9B96 /* Pods_JeongTutorial.framework */ = {isa = PBXFileReference; explicitFileType = wrapper.framework; includeInIndex = 0; path = Pods_JeongTutorial.framework; sourceTree = BUILT_PRODUCTS_DIR; };
		3E467A8927797D6B003B84C9 /* Constants.swift */ = {isa = PBXFileReference; lastKnownFileType = sourcecode.swift; path = Constants.swift; sourceTree = "<group>"; };
		3E467A8B27797ED2003B84C9 /* BaseVC.swift */ = {isa = PBXFileReference; lastKnownFileType = sourcecode.swift; path = BaseVC.swift; sourceTree = "<group>"; };
		3EEFD8C92776339B00AC68F9 /* JeongTutorial.app */ = {isa = PBXFileReference; explicitFileType = wrapper.application; includeInIndex = 0; path = JeongTutorial.app; sourceTree = BUILT_PRODUCTS_DIR; };
		3EEFD8CC2776339B00AC68F9 /* AppDelegate.swift */ = {isa = PBXFileReference; lastKnownFileType = sourcecode.swift; path = AppDelegate.swift; sourceTree = "<group>"; };
		3EEFD8CE2776339B00AC68F9 /* SceneDelegate.swift */ = {isa = PBXFileReference; lastKnownFileType = sourcecode.swift; path = SceneDelegate.swift; sourceTree = "<group>"; };
		3EEFD8D02776339B00AC68F9 /* HomeVC.swift */ = {isa = PBXFileReference; lastKnownFileType = sourcecode.swift; path = HomeVC.swift; sourceTree = "<group>"; };
		3EEFD8D32776339B00AC68F9 /* Base */ = {isa = PBXFileReference; lastKnownFileType = file.storyboard; name = Base; path = Base.lproj/Main.storyboard; sourceTree = "<group>"; };
		3EEFD8D52776339C00AC68F9 /* Assets.xcassets */ = {isa = PBXFileReference; lastKnownFileType = folder.assetcatalog; path = Assets.xcassets; sourceTree = "<group>"; };
		3EEFD8D82776339C00AC68F9 /* Base */ = {isa = PBXFileReference; lastKnownFileType = file.storyboard; name = Base; path = Base.lproj/LaunchScreen.storyboard; sourceTree = "<group>"; };
		3EEFD8DA2776339C00AC68F9 /* Info.plist */ = {isa = PBXFileReference; lastKnownFileType = text.plist.xml; path = Info.plist; sourceTree = "<group>"; };
		3EEFD8E027763AEC00AC68F9 /* UserListVC.swift */ = {isa = PBXFileReference; lastKnownFileType = sourcecode.swift; path = UserListVC.swift; sourceTree = "<group>"; };
		3EEFD8E227763B9300AC68F9 /* PhotoCollectionVC.swift */ = {isa = PBXFileReference; lastKnownFileType = sourcecode.swift; path = PhotoCollectionVC.swift; sourceTree = "<group>"; };
		4BF7BA031248BD378EECDDD1 /* Pods-JeongTutorial.debug.xcconfig */ = {isa = PBXFileReference; includeInIndex = 1; lastKnownFileType = text.xcconfig; name = "Pods-JeongTutorial.debug.xcconfig"; path = "Target Support Files/Pods-JeongTutorial/Pods-JeongTutorial.debug.xcconfig"; sourceTree = "<group>"; };
		C1D3B00866BD617CBB21257A /* Pods-JeongTutorial.release.xcconfig */ = {isa = PBXFileReference; includeInIndex = 1; lastKnownFileType = text.xcconfig; name = "Pods-JeongTutorial.release.xcconfig"; path = "Target Support Files/Pods-JeongTutorial/Pods-JeongTutorial.release.xcconfig"; sourceTree = "<group>"; };
/* End PBXFileReference section */

/* Begin PBXFrameworksBuildPhase section */
		3EEFD8C62776339B00AC68F9 /* Frameworks */ = {
			isa = PBXFrameworksBuildPhase;
			buildActionMask = 2147483647;
			files = (
				D8CB263DBFD7C212136AE7F2 /* Pods_JeongTutorial.framework in Frameworks */,
			);
			runOnlyForDeploymentPostprocessing = 0;
		};
/* End PBXFrameworksBuildPhase section */

/* Begin PBXGroup section */
		2B7ABE9435EE029937F713BF /* Frameworks */ = {
			isa = PBXGroup;
			children = (
				22A6C934D78C5B3E152F9B96 /* Pods_JeongTutorial.framework */,
			);
			name = Frameworks;
			sourceTree = "<group>";
		};
		3E467A87277953F1003B84C9 /* ViewControllers */ = {
			isa = PBXGroup;
			children = (
				3EEFD8D02776339B00AC68F9 /* HomeVC.swift */,
				3EEFD8E027763AEC00AC68F9 /* UserListVC.swift */,
				3EEFD8E227763B9300AC68F9 /* PhotoCollectionVC.swift */,
				3E467A8B27797ED2003B84C9 /* BaseVC.swift */,
			);
			path = ViewControllers;
			sourceTree = "<group>";
		};
		3E467A8827797D59003B84C9 /* Utils */ = {
			isa = PBXGroup;
			children = (
				3E467A8927797D6B003B84C9 /* Constants.swift */,
			);
			path = Utils;
			sourceTree = "<group>";
		};
		3EEFD8C02776339B00AC68F9 = {
			isa = PBXGroup;
			children = (
				3EEFD8CB2776339B00AC68F9 /* JeongTutorial */,
				3EEFD8CA2776339B00AC68F9 /* Products */,
				61D3B03909F40381FC0569D0 /* Pods */,
				2B7ABE9435EE029937F713BF /* Frameworks */,
			);
			sourceTree = "<group>";
		};
		3EEFD8CA2776339B00AC68F9 /* Products */ = {
			isa = PBXGroup;
			children = (
				3EEFD8C92776339B00AC68F9 /* JeongTutorial.app */,
			);
			name = Products;
			sourceTree = "<group>";
		};
		3EEFD8CB2776339B00AC68F9 /* JeongTutorial */ = {
			isa = PBXGroup;
			children = (
				3E467A8827797D59003B84C9 /* Utils */,
				3EEFD8CC2776339B00AC68F9 /* AppDelegate.swift */,
				3EEFD8CE2776339B00AC68F9 /* SceneDelegate.swift */,
				3E467A87277953F1003B84C9 /* ViewControllers */,
				3EEFD8D22776339B00AC68F9 /* Main.storyboard */,
				3EEFD8D52776339C00AC68F9 /* Assets.xcassets */,
				3EEFD8D72776339C00AC68F9 /* LaunchScreen.storyboard */,
				3EEFD8DA2776339C00AC68F9 /* Info.plist */,
			);
			path = JeongTutorial;
			sourceTree = "<group>";
		};
		61D3B03909F40381FC0569D0 /* Pods */ = {
			isa = PBXGroup;
			children = (
				4BF7BA031248BD378EECDDD1 /* Pods-JeongTutorial.debug.xcconfig */,
				C1D3B00866BD617CBB21257A /* Pods-JeongTutorial.release.xcconfig */,
			);
			path = Pods;
			sourceTree = "<group>";
		};
/* End PBXGroup section */

/* Begin PBXNativeTarget section */
		3EEFD8C82776339B00AC68F9 /* JeongTutorial */ = {
			isa = PBXNativeTarget;
			buildConfigurationList = 3EEFD8DD2776339C00AC68F9 /* Build configuration list for PBXNativeTarget "JeongTutorial" */;
			buildPhases = (
				EC1FE6688346A6573F115714 /* [CP] Check Pods Manifest.lock */,
				3EEFD8C52776339B00AC68F9 /* Sources */,
				3EEFD8C62776339B00AC68F9 /* Frameworks */,
				3EEFD8C72776339B00AC68F9 /* Resources */,
				6545EEC3247562F8050496FD /* [CP] Embed Pods Frameworks */,
			);
			buildRules = (
			);
			dependencies = (
			);
			name = JeongTutorial;
			productName = JeongTutorial;
			productReference = 3EEFD8C92776339B00AC68F9 /* JeongTutorial.app */;
			productType = "com.apple.product-type.application";
		};
/* End PBXNativeTarget section */

/* Begin PBXProject section */
		3EEFD8C12776339B00AC68F9 /* Project object */ = {
			isa = PBXProject;
			attributes = {
				BuildIndependentTargetsInParallel = 1;
				LastSwiftUpdateCheck = 1310;
				LastUpgradeCheck = 1310;
				TargetAttributes = {
					3EEFD8C82776339B00AC68F9 = {
						CreatedOnToolsVersion = 13.1;
					};
				};
			};
			buildConfigurationList = 3EEFD8C42776339B00AC68F9 /* Build configuration list for PBXProject "JeongTutorial" */;
			compatibilityVersion = "Xcode 13.0";
			developmentRegion = en;
			hasScannedForEncodings = 0;
			knownRegions = (
				en,
				Base,
			);
			mainGroup = 3EEFD8C02776339B00AC68F9;
			productRefGroup = 3EEFD8CA2776339B00AC68F9 /* Products */;
			projectDirPath = "";
			projectRoot = "";
			targets = (
				3EEFD8C82776339B00AC68F9 /* JeongTutorial */,
			);
		};
/* End PBXProject section */

/* Begin PBXResourcesBuildPhase section */
		3EEFD8C72776339B00AC68F9 /* Resources */ = {
			isa = PBXResourcesBuildPhase;
			buildActionMask = 2147483647;
			files = (
				3EEFD8D92776339C00AC68F9 /* LaunchScreen.storyboard in Resources */,
				3EEFD8D62776339C00AC68F9 /* Assets.xcassets in Resources */,
				3EEFD8D42776339B00AC68F9 /* Main.storyboard in Resources */,
			);
			runOnlyForDeploymentPostprocessing = 0;
		};
/* End PBXResourcesBuildPhase section */

/* Begin PBXShellScriptBuildPhase section */
		6545EEC3247562F8050496FD /* [CP] Embed Pods Frameworks */ = {
			isa = PBXShellScriptBuildPhase;
			buildActionMask = 2147483647;
			files = (
			);
			inputFileListPaths = (
				"${PODS_ROOT}/Target Support Files/Pods-JeongTutorial/Pods-JeongTutorial-frameworks-${CONFIGURATION}-input-files.xcfilelist",
			);
			name = "[CP] Embed Pods Frameworks";
			outputFileListPaths = (
				"${PODS_ROOT}/Target Support Files/Pods-JeongTutorial/Pods-JeongTutorial-frameworks-${CONFIGURATION}-output-files.xcfilelist",
			);
			runOnlyForDeploymentPostprocessing = 0;
			shellPath = /bin/sh;
			shellScript = "\"${PODS_ROOT}/Target Support Files/Pods-JeongTutorial/Pods-JeongTutorial-frameworks.sh\"\n";
			showEnvVarsInLog = 0;
		};
		EC1FE6688346A6573F115714 /* [CP] Check Pods Manifest.lock */ = {
			isa = PBXShellScriptBuildPhase;
			buildActionMask = 2147483647;
			files = (
			);
			inputFileListPaths = (
			);
			inputPaths = (
				"${PODS_PODFILE_DIR_PATH}/Podfile.lock",
				"${PODS_ROOT}/Manifest.lock",
			);
			name = "[CP] Check Pods Manifest.lock";
			outputFileListPaths = (
			);
			outputPaths = (
				"$(DERIVED_FILE_DIR)/Pods-JeongTutorial-checkManifestLockResult.txt",
			);
			runOnlyForDeploymentPostprocessing = 0;
			shellPath = /bin/sh;
			shellScript = "diff \"${PODS_PODFILE_DIR_PATH}/Podfile.lock\" \"${PODS_ROOT}/Manifest.lock\" > /dev/null\nif [ $? != 0 ] ; then\n    # print error to STDERR\n    echo \"error: The sandbox is not in sync with the Podfile.lock. Run 'pod install' or update your CocoaPods installation.\" >&2\n    exit 1\nfi\n# This output is used by Xcode 'outputs' to avoid re-running this script phase.\necho \"SUCCESS\" > \"${SCRIPT_OUTPUT_FILE_0}\"\n";
			showEnvVarsInLog = 0;
		};
/* End PBXShellScriptBuildPhase section */

/* Begin PBXSourcesBuildPhase section */
		3EEFD8C52776339B00AC68F9 /* Sources */ = {
			isa = PBXSourcesBuildPhase;
			buildActionMask = 2147483647;
			files = (
				3EEFD8D12776339B00AC68F9 /* HomeVC.swift in Sources */,
				3EEFD8CD2776339B00AC68F9 /* AppDelegate.swift in Sources */,
				3EEFD8CF2776339B00AC68F9 /* SceneDelegate.swift in Sources */,
				3EEFD8E127763AEC00AC68F9 /* UserListVC.swift in Sources */,
				3EEFD8E327763B9300AC68F9 /* PhotoCollectionVC.swift in Sources */,
				3E467A8C27797ED2003B84C9 /* BaseVC.swift in Sources */,
				3E467A8A27797D6B003B84C9 /* Constants.swift in Sources */,
			);
			runOnlyForDeploymentPostprocessing = 0;
		};
/* End PBXSourcesBuildPhase section */

/* Begin PBXVariantGroup section */
		3EEFD8D22776339B00AC68F9 /* Main.storyboard */ = {
			isa = PBXVariantGroup;
			children = (
				3EEFD8D32776339B00AC68F9 /* Base */,
			);
			name = Main.storyboard;
			sourceTree = "<group>";
		};
		3EEFD8D72776339C00AC68F9 /* LaunchScreen.storyboard */ = {
			isa = PBXVariantGroup;
			children = (
				3EEFD8D82776339C00AC68F9 /* Base */,
			);
			name = LaunchScreen.storyboard;
			sourceTree = "<group>";
		};
/* End PBXVariantGroup section */

/* Begin XCBuildConfiguration section */
		3EEFD8DB2776339C00AC68F9 /* Debug */ = {
			isa = XCBuildConfiguration;
			buildSettings = {
				ALWAYS_SEARCH_USER_PATHS = NO;
				CLANG_ANALYZER_NONNULL = YES;
				CLANG_ANALYZER_NUMBER_OBJECT_CONVERSION = YES_AGGRESSIVE;
				CLANG_CXX_LANGUAGE_STANDARD = "gnu++17";
				CLANG_CXX_LIBRARY = "libc++";
				CLANG_ENABLE_MODULES = YES;
				CLANG_ENABLE_OBJC_ARC = YES;
				CLANG_ENABLE_OBJC_WEAK = YES;
				CLANG_WARN_BLOCK_CAPTURE_AUTORELEASING = YES;
				CLANG_WARN_BOOL_CONVERSION = YES;
				CLANG_WARN_COMMA = YES;
				CLANG_WARN_CONSTANT_CONVERSION = YES;
				CLANG_WARN_DEPRECATED_OBJC_IMPLEMENTATIONS = YES;
				CLANG_WARN_DIRECT_OBJC_ISA_USAGE = YES_ERROR;
				CLANG_WARN_DOCUMENTATION_COMMENTS = YES;
				CLANG_WARN_EMPTY_BODY = YES;
				CLANG_WARN_ENUM_CONVERSION = YES;
				CLANG_WARN_INFINITE_RECURSION = YES;
				CLANG_WARN_INT_CONVERSION = YES;
				CLANG_WARN_NON_LITERAL_NULL_CONVERSION = YES;
				CLANG_WARN_OBJC_IMPLICIT_RETAIN_SELF = YES;
				CLANG_WARN_OBJC_LITERAL_CONVERSION = YES;
				CLANG_WARN_OBJC_ROOT_CLASS = YES_ERROR;
				CLANG_WARN_QUOTED_INCLUDE_IN_FRAMEWORK_HEADER = YES;
				CLANG_WARN_RANGE_LOOP_ANALYSIS = YES;
				CLANG_WARN_STRICT_PROTOTYPES = YES;
				CLANG_WARN_SUSPICIOUS_MOVE = YES;
				CLANG_WARN_UNGUARDED_AVAILABILITY = YES_AGGRESSIVE;
				CLANG_WARN_UNREACHABLE_CODE = YES;
				CLANG_WARN__DUPLICATE_METHOD_MATCH = YES;
				COPY_PHASE_STRIP = NO;
				DEBUG_INFORMATION_FORMAT = dwarf;
				ENABLE_STRICT_OBJC_MSGSEND = YES;
				ENABLE_TESTABILITY = YES;
				GCC_C_LANGUAGE_STANDARD = gnu11;
				GCC_DYNAMIC_NO_PIC = NO;
				GCC_NO_COMMON_BLOCKS = YES;
				GCC_OPTIMIZATION_LEVEL = 0;
				GCC_PREPROCESSOR_DEFINITIONS = (
					"DEBUG=1",
					"$(inherited)",
				);
				GCC_WARN_64_TO_32_BIT_CONVERSION = YES;
				GCC_WARN_ABOUT_RETURN_TYPE = YES_ERROR;
				GCC_WARN_UNDECLARED_SELECTOR = YES;
				GCC_WARN_UNINITIALIZED_AUTOS = YES_AGGRESSIVE;
				GCC_WARN_UNUSED_FUNCTION = YES;
				GCC_WARN_UNUSED_VARIABLE = YES;
				IPHONEOS_DEPLOYMENT_TARGET = 15.0;
				MTL_ENABLE_DEBUG_INFO = INCLUDE_SOURCE;
				MTL_FAST_MATH = YES;
				ONLY_ACTIVE_ARCH = YES;
				SDKROOT = iphoneos;
				SWIFT_ACTIVE_COMPILATION_CONDITIONS = DEBUG;
				SWIFT_OPTIMIZATION_LEVEL = "-Onone";
			};
			name = Debug;
		};
		3EEFD8DC2776339C00AC68F9 /* Release */ = {
			isa = XCBuildConfiguration;
			buildSettings = {
				ALWAYS_SEARCH_USER_PATHS = NO;
				CLANG_ANALYZER_NONNULL = YES;
				CLANG_ANALYZER_NUMBER_OBJECT_CONVERSION = YES_AGGRESSIVE;
				CLANG_CXX_LANGUAGE_STANDARD = "gnu++17";
				CLANG_CXX_LIBRARY = "libc++";
				CLANG_ENABLE_MODULES = YES;
				CLANG_ENABLE_OBJC_ARC = YES;
				CLANG_ENABLE_OBJC_WEAK = YES;
				CLANG_WARN_BLOCK_CAPTURE_AUTORELEASING = YES;
				CLANG_WARN_BOOL_CONVERSION = YES;
				CLANG_WARN_COMMA = YES;
				CLANG_WARN_CONSTANT_CONVERSION = YES;
				CLANG_WARN_DEPRECATED_OBJC_IMPLEMENTATIONS = YES;
				CLANG_WARN_DIRECT_OBJC_ISA_USAGE = YES_ERROR;
				CLANG_WARN_DOCUMENTATION_COMMENTS = YES;
				CLANG_WARN_EMPTY_BODY = YES;
				CLANG_WARN_ENUM_CONVERSION = YES;
				CLANG_WARN_INFINITE_RECURSION = YES;
				CLANG_WARN_INT_CONVERSION = YES;
				CLANG_WARN_NON_LITERAL_NULL_CONVERSION = YES;
				CLANG_WARN_OBJC_IMPLICIT_RETAIN_SELF = YES;
				CLANG_WARN_OBJC_LITERAL_CONVERSION = YES;
				CLANG_WARN_OBJC_ROOT_CLASS = YES_ERROR;
				CLANG_WARN_QUOTED_INCLUDE_IN_FRAMEWORK_HEADER = YES;
				CLANG_WARN_RANGE_LOOP_ANALYSIS = YES;
				CLANG_WARN_STRICT_PROTOTYPES = YES;
				CLANG_WARN_SUSPICIOUS_MOVE = YES;
				CLANG_WARN_UNGUARDED_AVAILABILITY = YES_AGGRESSIVE;
				CLANG_WARN_UNREACHABLE_CODE = YES;
				CLANG_WARN__DUPLICATE_METHOD_MATCH = YES;
				COPY_PHASE_STRIP = NO;
				DEBUG_INFORMATION_FORMAT = "dwarf-with-dsym";
				ENABLE_NS_ASSERTIONS = NO;
				ENABLE_STRICT_OBJC_MSGSEND = YES;
				GCC_C_LANGUAGE_STANDARD = gnu11;
				GCC_NO_COMMON_BLOCKS = YES;
				GCC_WARN_64_TO_32_BIT_CONVERSION = YES;
				GCC_WARN_ABOUT_RETURN_TYPE = YES_ERROR;
				GCC_WARN_UNDECLARED_SELECTOR = YES;
				GCC_WARN_UNINITIALIZED_AUTOS = YES_AGGRESSIVE;
				GCC_WARN_UNUSED_FUNCTION = YES;
				GCC_WARN_UNUSED_VARIABLE = YES;
				IPHONEOS_DEPLOYMENT_TARGET = 15.0;
				MTL_ENABLE_DEBUG_INFO = NO;
				MTL_FAST_MATH = YES;
				SDKROOT = iphoneos;
				SWIFT_COMPILATION_MODE = wholemodule;
				SWIFT_OPTIMIZATION_LEVEL = "-O";
				VALIDATE_PRODUCT = YES;
			};
			name = Release;
		};
		3EEFD8DE2776339C00AC68F9 /* Debug */ = {
			isa = XCBuildConfiguration;
			baseConfigurationReference = 4BF7BA031248BD378EECDDD1 /* Pods-JeongTutorial.debug.xcconfig */;
			buildSettings = {
				ASSETCATALOG_COMPILER_APPICON_NAME = AppIcon;
				ASSETCATALOG_COMPILER_GLOBAL_ACCENT_COLOR_NAME = AccentColor;
				CODE_SIGN_STYLE = Automatic;
				CURRENT_PROJECT_VERSION = 1;
				DEVELOPMENT_TEAM = ASX597UAY6;
				GENERATE_INFOPLIST_FILE = YES;
				INFOPLIST_FILE = JeongTutorial/Info.plist;
				INFOPLIST_KEY_UIApplicationSupportsIndirectInputEvents = YES;
				INFOPLIST_KEY_UILaunchStoryboardName = LaunchScreen;
				INFOPLIST_KEY_UIMainStoryboardFile = Main;
				INFOPLIST_KEY_UISupportedInterfaceOrientations = "UIInterfaceOrientationLandscapeRight UIInterfaceOrientationPortrait UIInterfaceOrientationLandscapeLeft";
				INFOPLIST_KEY_UISupportedInterfaceOrientations_iPad = "UIInterfaceOrientationPortrait UIInterfaceOrientationPortraitUpsideDown UIInterfaceOrientationLandscapeLeft UIInterfaceOrientationLandscapeRight";
				INFOPLIST_KEY_UISupportedInterfaceOrientations_iPhone = "UIInterfaceOrientationPortrait UIInterfaceOrientationLandscapeLeft UIInterfaceOrientationLandscapeRight";
				LD_RUNPATH_SEARCH_PATHS = (
					"$(inherited)",
					"@executable_path/Frameworks",
				);
				MARKETING_VERSION = 1.0;
				PRODUCT_BUNDLE_IDENTIFIER = net.yagom.JeongTutorial;
				PRODUCT_NAME = "$(TARGET_NAME)";
				SWIFT_EMIT_LOC_STRINGS = YES;
				SWIFT_VERSION = 5.0;
				TARGETED_DEVICE_FAMILY = "1,2";
			};
			name = Debug;
		};
		3EEFD8DF2776339C00AC68F9 /* Release */ = {
			isa = XCBuildConfiguration;
			baseConfigurationReference = C1D3B00866BD617CBB21257A /* Pods-JeongTutorial.release.xcconfig */;
			buildSettings = {
				ASSETCATALOG_COMPILER_APPICON_NAME = AppIcon;
				ASSETCATALOG_COMPILER_GLOBAL_ACCENT_COLOR_NAME = AccentColor;
				CODE_SIGN_STYLE = Automatic;
				CURRENT_PROJECT_VERSION = 1;
				DEVELOPMENT_TEAM = ASX597UAY6;
				GENERATE_INFOPLIST_FILE = YES;
				INFOPLIST_FILE = JeongTutorial/Info.plist;
				INFOPLIST_KEY_UIApplicationSupportsIndirectInputEvents = YES;
				INFOPLIST_KEY_UILaunchStoryboardName = LaunchScreen;
				INFOPLIST_KEY_UIMainStoryboardFile = Main;
				INFOPLIST_KEY_UISupportedInterfaceOrientations = "UIInterfaceOrientationLandscapeRight UIInterfaceOrientationPortrait UIInterfaceOrientationLandscapeLeft";
				INFOPLIST_KEY_UISupportedInterfaceOrientations_iPad = "UIInterfaceOrientationPortrait UIInterfaceOrientationPortraitUpsideDown UIInterfaceOrientationLandscapeLeft UIInterfaceOrientationLandscapeRight";
				INFOPLIST_KEY_UISupportedInterfaceOrientations_iPhone = "UIInterfaceOrientationPortrait UIInterfaceOrientationLandscapeLeft UIInterfaceOrientationLandscapeRight";
				LD_RUNPATH_SEARCH_PATHS = (
					"$(inherited)",
					"@executable_path/Frameworks",
				);
				MARKETING_VERSION = 1.0;
				PRODUCT_BUNDLE_IDENTIFIER = net.yagom.JeongTutorial;
				PRODUCT_NAME = "$(TARGET_NAME)";
				SWIFT_EMIT_LOC_STRINGS = YES;
				SWIFT_VERSION = 5.0;
				TARGETED_DEVICE_FAMILY = "1,2";
			};
			name = Release;
		};
/* End XCBuildConfiguration section */

/* Begin XCConfigurationList section */
		3EEFD8C42776339B00AC68F9 /* Build configuration list for PBXProject "JeongTutorial" */ = {
			isa = XCConfigurationList;
			buildConfigurations = (
				3EEFD8DB2776339C00AC68F9 /* Debug */,
				3EEFD8DC2776339C00AC68F9 /* Release */,
			);
			defaultConfigurationIsVisible = 0;
			defaultConfigurationName = Release;
		};
		3EEFD8DD2776339C00AC68F9 /* Build configuration list for PBXNativeTarget "JeongTutorial" */ = {
			isa = XCConfigurationList;
			buildConfigurations = (
				3EEFD8DE2776339C00AC68F9 /* Debug */,
				3EEFD8DF2776339C00AC68F9 /* Release */,
			);
			defaultConfigurationIsVisible = 0;
			defaultConfigurationName = Release;
		};
/* End XCConfigurationList section */
	};
	rootObject = 3EEFD8C12776339B00AC68F9 /* Project object */;
}
