// !$*UTF8*$!
{
	archiveVersion = 1;
	classes = {
	};
	objectVersion = 55;
	objects = {

/* Begin PBXBuildFile section */
		3E9B3E5A275FB54D00DD1DBA /* TutorialApp.swift in Sources */ = {isa = PBXBuildFile; fileRef = 3E9B3E59275FB54D00DD1DBA /* TutorialApp.swift */; };
		3E9B3E5C275FB54D00DD1DBA /* ContentView.swift in Sources */ = {isa = PBXBuildFile; fileRef = 3E9B3E5B275FB54D00DD1DBA /* ContentView.swift */; };
		3E9B3E5E275FB54D00DD1DBA /* Assets.xcassets in Resources */ = {isa = PBXBuildFile; fileRef = 3E9B3E5D275FB54D00DD1DBA /* Assets.xcassets */; };
		3E9B3E61275FB54D00DD1DBA /* Preview Assets.xcassets in Resources */ = {isa = PBXBuildFile; fileRef = 3E9B3E60275FB54D00DD1DBA /* Preview Assets.xcassets */; };
		3E9B3E6B275FB54E00DD1DBA /* TutorialTests.swift in Sources */ = {isa = PBXBuildFile; fileRef = 3E9B3E6A275FB54E00DD1DBA /* TutorialTests.swift */; };
		3E9B3E75275FB54E00DD1DBA /* TutorialUITests.swift in Sources */ = {isa = PBXBuildFile; fileRef = 3E9B3E74275FB54E00DD1DBA /* TutorialUITests.swift */; };
		3E9B3E77275FB54E00DD1DBA /* TutorialUITestsLaunchTests.swift in Sources */ = {isa = PBXBuildFile; fileRef = 3E9B3E76275FB54E00DD1DBA /* TutorialUITestsLaunchTests.swift */; };
/* End PBXBuildFile section */

/* Begin PBXContainerItemProxy section */
		3E9B3E67275FB54E00DD1DBA /* PBXContainerItemProxy */ = {
			isa = PBXContainerItemProxy;
			containerPortal = 3E9B3E4E275FB54D00DD1DBA /* Project object */;
			proxyType = 1;
			remoteGlobalIDString = 3E9B3E55275FB54D00DD1DBA;
			remoteInfo = Tutorial;
		};
		3E9B3E71275FB54E00DD1DBA /* PBXContainerItemProxy */ = {
			isa = PBXContainerItemProxy;
			containerPortal = 3E9B3E4E275FB54D00DD1DBA /* Project object */;
			proxyType = 1;
			remoteGlobalIDString = 3E9B3E55275FB54D00DD1DBA;
			remoteInfo = Tutorial;
		};
/* End PBXContainerItemProxy section */

/* Begin PBXFileReference section */
		3E9B3E56275FB54D00DD1DBA /* Tutorial.app */ = {isa = PBXFileReference; explicitFileType = wrapper.application; includeInIndex = 0; path = Tutorial.app; sourceTree = BUILT_PRODUCTS_DIR; };
		3E9B3E59275FB54D00DD1DBA /* TutorialApp.swift */ = {isa = PBXFileReference; lastKnownFileType = sourcecode.swift; path = TutorialApp.swift; sourceTree = "<group>"; };
		3E9B3E5B275FB54D00DD1DBA /* ContentView.swift */ = {isa = PBXFileReference; lastKnownFileType = sourcecode.swift; path = ContentView.swift; sourceTree = "<group>"; };
		3E9B3E5D275FB54D00DD1DBA /* Assets.xcassets */ = {isa = PBXFileReference; lastKnownFileType = folder.assetcatalog; path = Assets.xcassets; sourceTree = "<group>"; };
		3E9B3E60275FB54D00DD1DBA /* Preview Assets.xcassets */ = {isa = PBXFileReference; lastKnownFileType = folder.assetcatalog; path = "Preview Assets.xcassets"; sourceTree = "<group>"; };
		3E9B3E66275FB54E00DD1DBA /* TutorialTests.xctest */ = {isa = PBXFileReference; explicitFileType = wrapper.cfbundle; includeInIndex = 0; path = TutorialTests.xctest; sourceTree = BUILT_PRODUCTS_DIR; };
		3E9B3E6A275FB54E00DD1DBA /* TutorialTests.swift */ = {isa = PBXFileReference; lastKnownFileType = sourcecode.swift; path = TutorialTests.swift; sourceTree = "<group>"; };
		3E9B3E70275FB54E00DD1DBA /* TutorialUITests.xctest */ = {isa = PBXFileReference; explicitFileType = wrapper.cfbundle; includeInIndex = 0; path = TutorialUITests.xctest; sourceTree = BUILT_PRODUCTS_DIR; };
		3E9B3E74275FB54E00DD1DBA /* TutorialUITests.swift */ = {isa = PBXFileReference; lastKnownFileType = sourcecode.swift; path = TutorialUITests.swift; sourceTree = "<group>"; };
		3E9B3E76275FB54E00DD1DBA /* TutorialUITestsLaunchTests.swift */ = {isa = PBXFileReference; lastKnownFileType = sourcecode.swift; path = TutorialUITestsLaunchTests.swift; sourceTree = "<group>"; };
/* End PBXFileReference section */

/* Begin PBXFrameworksBuildPhase section */
		3E9B3E53275FB54D00DD1DBA /* Frameworks */ = {
			isa = PBXFrameworksBuildPhase;
			buildActionMask = 2147483647;
			files = (
			);
			runOnlyForDeploymentPostprocessing = 0;
		};
		3E9B3E63275FB54E00DD1DBA /* Frameworks */ = {
			isa = PBXFrameworksBuildPhase;
			buildActionMask = 2147483647;
			files = (
			);
			runOnlyForDeploymentPostprocessing = 0;
		};
		3E9B3E6D275FB54E00DD1DBA /* Frameworks */ = {
			isa = PBXFrameworksBuildPhase;
			buildActionMask = 2147483647;
			files = (
			);
			runOnlyForDeploymentPostprocessing = 0;
		};
/* End PBXFrameworksBuildPhase section */

/* Begin PBXGroup section */
		3E9B3E4D275FB54D00DD1DBA = {
			isa = PBXGroup;
			children = (
				3E9B3E83275FB5DC00DD1DBA /* Day */,
				3E9B3E58275FB54D00DD1DBA /* Tutorial */,
				3E9B3E69275FB54E00DD1DBA /* TutorialTests */,
				3E9B3E73275FB54E00DD1DBA /* TutorialUITests */,
				3E9B3E57275FB54D00DD1DBA /* Products */,
			);
			sourceTree = "<group>";
		};
		3E9B3E57275FB54D00DD1DBA /* Products */ = {
			isa = PBXGroup;
			children = (
				3E9B3E56275FB54D00DD1DBA /* Tutorial.app */,
				3E9B3E66275FB54E00DD1DBA /* TutorialTests.xctest */,
				3E9B3E70275FB54E00DD1DBA /* TutorialUITests.xctest */,
			);
			name = Products;
			sourceTree = "<group>";
		};
		3E9B3E58275FB54D00DD1DBA /* Tutorial */ = {
			isa = PBXGroup;
			children = (
				3E9B3E59275FB54D00DD1DBA /* TutorialApp.swift */,
				3E9B3E5B275FB54D00DD1DBA /* ContentView.swift */,
				3E9B3E5D275FB54D00DD1DBA /* Assets.xcassets */,
				3E9B3E5F275FB54D00DD1DBA /* Preview Content */,
			);
			path = Tutorial;
			sourceTree = "<group>";
		};
		3E9B3E5F275FB54D00DD1DBA /* Preview Content */ = {
			isa = PBXGroup;
			children = (
				3E9B3E60275FB54D00DD1DBA /* Preview Assets.xcassets */,
			);
			path = "Preview Content";
			sourceTree = "<group>";
		};
		3E9B3E69275FB54E00DD1DBA /* TutorialTests */ = {
			isa = PBXGroup;
			children = (
				3E9B3E6A275FB54E00DD1DBA /* TutorialTests.swift */,
			);
			path = TutorialTests;
			sourceTree = "<group>";
		};
		3E9B3E73275FB54E00DD1DBA /* TutorialUITests */ = {
			isa = PBXGroup;
			children = (
				3E9B3E74275FB54E00DD1DBA /* TutorialUITests.swift */,
				3E9B3E76275FB54E00DD1DBA /* TutorialUITestsLaunchTests.swift */,
			);
			path = TutorialUITests;
			sourceTree = "<group>";
		};
		3E9B3E83275FB5DC00DD1DBA /* Day */ = {
			isa = PBXGroup;
			children = (
			);
			path = Day;
			sourceTree = "<group>";
		};
/* End PBXGroup section */

/* Begin PBXNativeTarget section */
		3E9B3E55275FB54D00DD1DBA /* Tutorial */ = {
			isa = PBXNativeTarget;
			buildConfigurationList = 3E9B3E7A275FB54E00DD1DBA /* Build configuration list for PBXNativeTarget "Tutorial" */;
			buildPhases = (
				3E9B3E52275FB54D00DD1DBA /* Sources */,
				3E9B3E53275FB54D00DD1DBA /* Frameworks */,
				3E9B3E54275FB54D00DD1DBA /* Resources */,
			);
			buildRules = (
			);
			dependencies = (
			);
			name = Tutorial;
			productName = Tutorial;
			productReference = 3E9B3E56275FB54D00DD1DBA /* Tutorial.app */;
			productType = "com.apple.product-type.application";
		};
		3E9B3E65275FB54E00DD1DBA /* TutorialTests */ = {
			isa = PBXNativeTarget;
			buildConfigurationList = 3E9B3E7D275FB54E00DD1DBA /* Build configuration list for PBXNativeTarget "TutorialTests" */;
			buildPhases = (
				3E9B3E62275FB54E00DD1DBA /* Sources */,
				3E9B3E63275FB54E00DD1DBA /* Frameworks */,
				3E9B3E64275FB54E00DD1DBA /* Resources */,
			);
			buildRules = (
			);
			dependencies = (
				3E9B3E68275FB54E00DD1DBA /* PBXTargetDependency */,
			);
			name = TutorialTests;
			productName = TutorialTests;
			productReference = 3E9B3E66275FB54E00DD1DBA /* TutorialTests.xctest */;
			productType = "com.apple.product-type.bundle.unit-test";
		};
		3E9B3E6F275FB54E00DD1DBA /* TutorialUITests */ = {
			isa = PBXNativeTarget;
			buildConfigurationList = 3E9B3E80275FB54E00DD1DBA /* Build configuration list for PBXNativeTarget "TutorialUITests" */;
			buildPhases = (
				3E9B3E6C275FB54E00DD1DBA /* Sources */,
				3E9B3E6D275FB54E00DD1DBA /* Frameworks */,
				3E9B3E6E275FB54E00DD1DBA /* Resources */,
			);
			buildRules = (
			);
			dependencies = (
				3E9B3E72275FB54E00DD1DBA /* PBXTargetDependency */,
			);
			name = TutorialUITests;
			productName = TutorialUITests;
			productReference = 3E9B3E70275FB54E00DD1DBA /* TutorialUITests.xctest */;
			productType = "com.apple.product-type.bundle.ui-testing";
		};
/* End PBXNativeTarget section */

/* Begin PBXProject section */
		3E9B3E4E275FB54D00DD1DBA /* Project object */ = {
			isa = PBXProject;
			attributes = {
				BuildIndependentTargetsInParallel = 1;
				LastSwiftUpdateCheck = 1310;
				LastUpgradeCheck = 1310;
				TargetAttributes = {
					3E9B3E55275FB54D00DD1DBA = {
						CreatedOnToolsVersion = 13.1;
					};
					3E9B3E65275FB54E00DD1DBA = {
						CreatedOnToolsVersion = 13.1;
						TestTargetID = 3E9B3E55275FB54D00DD1DBA;
					};
					3E9B3E6F275FB54E00DD1DBA = {
						CreatedOnToolsVersion = 13.1;
						TestTargetID = 3E9B3E55275FB54D00DD1DBA;
					};
				};
			};
			buildConfigurationList = 3E9B3E51275FB54D00DD1DBA /* Build configuration list for PBXProject "Tutorial" */;
			compatibilityVersion = "Xcode 13.0";
			developmentRegion = en;
			hasScannedForEncodings = 0;
			knownRegions = (
				en,
				Base,
			);
			mainGroup = 3E9B3E4D275FB54D00DD1DBA;
			productRefGroup = 3E9B3E57275FB54D00DD1DBA /* Products */;
			projectDirPath = "";
			projectRoot = "";
			targets = (
				3E9B3E55275FB54D00DD1DBA /* Tutorial */,
				3E9B3E65275FB54E00DD1DBA /* TutorialTests */,
				3E9B3E6F275FB54E00DD1DBA /* TutorialUITests */,
			);
		};
/* End PBXProject section */

/* Begin PBXResourcesBuildPhase section */
		3E9B3E54275FB54D00DD1DBA /* Resources */ = {
			isa = PBXResourcesBuildPhase;
			buildActionMask = 2147483647;
			files = (
				3E9B3E61275FB54D00DD1DBA /* Preview Assets.xcassets in Resources */,
				3E9B3E5E275FB54D00DD1DBA /* Assets.xcassets in Resources */,
			);
			runOnlyForDeploymentPostprocessing = 0;
		};
		3E9B3E64275FB54E00DD1DBA /* Resources */ = {
			isa = PBXResourcesBuildPhase;
			buildActionMask = 2147483647;
			files = (
			);
			runOnlyForDeploymentPostprocessing = 0;
		};
		3E9B3E6E275FB54E00DD1DBA /* Resources */ = {
			isa = PBXResourcesBuildPhase;
			buildActionMask = 2147483647;
			files = (
			);
			runOnlyForDeploymentPostprocessing = 0;
		};
/* End PBXResourcesBuildPhase section */

/* Begin PBXSourcesBuildPhase section */
		3E9B3E52275FB54D00DD1DBA /* Sources */ = {
			isa = PBXSourcesBuildPhase;
			buildActionMask = 2147483647;
			files = (
				3E9B3E5C275FB54D00DD1DBA /* ContentView.swift in Sources */,
				3E9B3E5A275FB54D00DD1DBA /* TutorialApp.swift in Sources */,
			);
			runOnlyForDeploymentPostprocessing = 0;
		};
		3E9B3E62275FB54E00DD1DBA /* Sources */ = {
			isa = PBXSourcesBuildPhase;
			buildActionMask = 2147483647;
			files = (
				3E9B3E6B275FB54E00DD1DBA /* TutorialTests.swift in Sources */,
			);
			runOnlyForDeploymentPostprocessing = 0;
		};
		3E9B3E6C275FB54E00DD1DBA /* Sources */ = {
			isa = PBXSourcesBuildPhase;
			buildActionMask = 2147483647;
			files = (
				3E9B3E77275FB54E00DD1DBA /* TutorialUITestsLaunchTests.swift in Sources */,
				3E9B3E75275FB54E00DD1DBA /* TutorialUITests.swift in Sources */,
			);
			runOnlyForDeploymentPostprocessing = 0;
		};
/* End PBXSourcesBuildPhase section */

/* Begin PBXTargetDependency section */
		3E9B3E68275FB54E00DD1DBA /* PBXTargetDependency */ = {
			isa = PBXTargetDependency;
			target = 3E9B3E55275FB54D00DD1DBA /* Tutorial */;
			targetProxy = 3E9B3E67275FB54E00DD1DBA /* PBXContainerItemProxy */;
		};
		3E9B3E72275FB54E00DD1DBA /* PBXTargetDependency */ = {
			isa = PBXTargetDependency;
			target = 3E9B3E55275FB54D00DD1DBA /* Tutorial */;
			targetProxy = 3E9B3E71275FB54E00DD1DBA /* PBXContainerItemProxy */;
		};
/* End PBXTargetDependency section */

/* Begin XCBuildConfiguration section */
		3E9B3E78275FB54E00DD1DBA /* Debug */ = {
			isa = XCBuildConfiguration;
			buildSettings = {
				ALWAYS_SEARCH_USER_PATHS = NO;
				CLANG_ANALYZER_NONNULL = YES;
				CLANG_ANALYZER_NUMBER_OBJECT_CONVERSION = YES_AGGRESSIVE;
				CLANG_CXX_LANGUAGE_STANDARD = "gnu++17";
				CLANG_CXX_LIBRARY = "libc++";
				CLANG_ENABLE_MODULES = YES;
				CLANG_ENABLE_OBJC_ARC = YES;
				CLANG_ENABLE_OBJC_WEAK = YES;
				CLANG_WARN_BLOCK_CAPTURE_AUTORELEASING = YES;
				CLANG_WARN_BOOL_CONVERSION = YES;
				CLANG_WARN_COMMA = YES;
				CLANG_WARN_CONSTANT_CONVERSION = YES;
				CLANG_WARN_DEPRECATED_OBJC_IMPLEMENTATIONS = YES;
				CLANG_WARN_DIRECT_OBJC_ISA_USAGE = YES_ERROR;
				CLANG_WARN_DOCUMENTATION_COMMENTS = YES;
				CLANG_WARN_EMPTY_BODY = YES;
				CLANG_WARN_ENUM_CONVERSION = YES;
				CLANG_WARN_INFINITE_RECURSION = YES;
				CLANG_WARN_INT_CONVERSION = YES;
				CLANG_WARN_NON_LITERAL_NULL_CONVERSION = YES;
				CLANG_WARN_OBJC_IMPLICIT_RETAIN_SELF = YES;
				CLANG_WARN_OBJC_LITERAL_CONVERSION = YES;
				CLANG_WARN_OBJC_ROOT_CLASS = YES_ERROR;
				CLANG_WARN_QUOTED_INCLUDE_IN_FRAMEWORK_HEADER = YES;
				CLANG_WARN_RANGE_LOOP_ANALYSIS = YES;
				CLANG_WARN_STRICT_PROTOTYPES = YES;
				CLANG_WARN_SUSPICIOUS_MOVE = YES;
				CLANG_WARN_UNGUARDED_AVAILABILITY = YES_AGGRESSIVE;
				CLANG_WARN_UNREACHABLE_CODE = YES;
				CLANG_WARN__DUPLICATE_METHOD_MATCH = YES;
				COPY_PHASE_STRIP = NO;
				DEBUG_INFORMATION_FORMAT = dwarf;
				ENABLE_STRICT_OBJC_MSGSEND = YES;
				ENABLE_TESTABILITY = YES;
				GCC_C_LANGUAGE_STANDARD = gnu11;
				GCC_DYNAMIC_NO_PIC = NO;
				GCC_NO_COMMON_BLOCKS = YES;
				GCC_OPTIMIZATION_LEVEL = 0;
				GCC_PREPROCESSOR_DEFINITIONS = (
					"DEBUG=1",
					"$(inherited)",
				);
				GCC_WARN_64_TO_32_BIT_CONVERSION = YES;
				GCC_WARN_ABOUT_RETURN_TYPE = YES_ERROR;
				GCC_WARN_UNDECLARED_SELECTOR = YES;
				GCC_WARN_UNINITIALIZED_AUTOS = YES_AGGRESSIVE;
				GCC_WARN_UNUSED_FUNCTION = YES;
				GCC_WARN_UNUSED_VARIABLE = YES;
				IPHONEOS_DEPLOYMENT_TARGET = 15.0;
				MTL_ENABLE_DEBUG_INFO = INCLUDE_SOURCE;
				MTL_FAST_MATH = YES;
				ONLY_ACTIVE_ARCH = YES;
				SDKROOT = iphoneos;
				SWIFT_ACTIVE_COMPILATION_CONDITIONS = DEBUG;
				SWIFT_OPTIMIZATION_LEVEL = "-Onone";
			};
			name = Debug;
		};
		3E9B3E79275FB54E00DD1DBA /* Release */ = {
			isa = XCBuildConfiguration;
			buildSettings = {
				ALWAYS_SEARCH_USER_PATHS = NO;
				CLANG_ANALYZER_NONNULL = YES;
				CLANG_ANALYZER_NUMBER_OBJECT_CONVERSION = YES_AGGRESSIVE;
				CLANG_CXX_LANGUAGE_STANDARD = "gnu++17";
				CLANG_CXX_LIBRARY = "libc++";
				CLANG_ENABLE_MODULES = YES;
				CLANG_ENABLE_OBJC_ARC = YES;
				CLANG_ENABLE_OBJC_WEAK = YES;
				CLANG_WARN_BLOCK_CAPTURE_AUTORELEASING = YES;
				CLANG_WARN_BOOL_CONVERSION = YES;
				CLANG_WARN_COMMA = YES;
				CLANG_WARN_CONSTANT_CONVERSION = YES;
				CLANG_WARN_DEPRECATED_OBJC_IMPLEMENTATIONS = YES;
				CLANG_WARN_DIRECT_OBJC_ISA_USAGE = YES_ERROR;
				CLANG_WARN_DOCUMENTATION_COMMENTS = YES;
				CLANG_WARN_EMPTY_BODY = YES;
				CLANG_WARN_ENUM_CONVERSION = YES;
				CLANG_WARN_INFINITE_RECURSION = YES;
				CLANG_WARN_INT_CONVERSION = YES;
				CLANG_WARN_NON_LITERAL_NULL_CONVERSION = YES;
				CLANG_WARN_OBJC_IMPLICIT_RETAIN_SELF = YES;
				CLANG_WARN_OBJC_LITERAL_CONVERSION = YES;
				CLANG_WARN_OBJC_ROOT_CLASS = YES_ERROR;
				CLANG_WARN_QUOTED_INCLUDE_IN_FRAMEWORK_HEADER = YES;
				CLANG_WARN_RANGE_LOOP_ANALYSIS = YES;
				CLANG_WARN_STRICT_PROTOTYPES = YES;
				CLANG_WARN_SUSPICIOUS_MOVE = YES;
				CLANG_WARN_UNGUARDED_AVAILABILITY = YES_AGGRESSIVE;
				CLANG_WARN_UNREACHABLE_CODE = YES;
				CLANG_WARN__DUPLICATE_METHOD_MATCH = YES;
				COPY_PHASE_STRIP = NO;
				DEBUG_INFORMATION_FORMAT = "dwarf-with-dsym";
				ENABLE_NS_ASSERTIONS = NO;
				ENABLE_STRICT_OBJC_MSGSEND = YES;
				GCC_C_LANGUAGE_STANDARD = gnu11;
				GCC_NO_COMMON_BLOCKS = YES;
				GCC_WARN_64_TO_32_BIT_CONVERSION = YES;
				GCC_WARN_ABOUT_RETURN_TYPE = YES_ERROR;
				GCC_WARN_UNDECLARED_SELECTOR = YES;
				GCC_WARN_UNINITIALIZED_AUTOS = YES_AGGRESSIVE;
				GCC_WARN_UNUSED_FUNCTION = YES;
				GCC_WARN_UNUSED_VARIABLE = YES;
				IPHONEOS_DEPLOYMENT_TARGET = 15.0;
				MTL_ENABLE_DEBUG_INFO = NO;
				MTL_FAST_MATH = YES;
				SDKROOT = iphoneos;
				SWIFT_COMPILATION_MODE = wholemodule;
				SWIFT_OPTIMIZATION_LEVEL = "-O";
				VALIDATE_PRODUCT = YES;
			};
			name = Release;
		};
		3E9B3E7B275FB54E00DD1DBA /* Debug */ = {
			isa = XCBuildConfiguration;
			buildSettings = {
				ASSETCATALOG_COMPILER_APPICON_NAME = AppIcon;
				ASSETCATALOG_COMPILER_GLOBAL_ACCENT_COLOR_NAME = AccentColor;
				CODE_SIGN_STYLE = Automatic;
				CURRENT_PROJECT_VERSION = 1;
				DEVELOPMENT_ASSET_PATHS = "\"Tutorial/Preview Content\"";
				ENABLE_PREVIEWS = YES;
				GENERATE_INFOPLIST_FILE = YES;
				INFOPLIST_KEY_UIApplicationSceneManifest_Generation = YES;
				INFOPLIST_KEY_UIApplicationSupportsIndirectInputEvents = YES;
				INFOPLIST_KEY_UILaunchScreen_Generation = YES;
				INFOPLIST_KEY_UISupportedInterfaceOrientations_iPad = "UIInterfaceOrientationPortrait UIInterfaceOrientationPortraitUpsideDown UIInterfaceOrientationLandscapeLeft UIInterfaceOrientationLandscapeRight";
				INFOPLIST_KEY_UISupportedInterfaceOrientations_iPhone = "UIInterfaceOrientationPortrait UIInterfaceOrientationLandscapeLeft UIInterfaceOrientationLandscapeRight";
				LD_RUNPATH_SEARCH_PATHS = (
					"$(inherited)",
					"@executable_path/Frameworks",
				);
				MARKETING_VERSION = 1.0;
				PRODUCT_BUNDLE_IDENTIFIER = com.jeong.www.Tutorial;
				PRODUCT_NAME = "$(TARGET_NAME)";
				SWIFT_EMIT_LOC_STRINGS = YES;
				SWIFT_VERSION = 5.0;
				TARGETED_DEVICE_FAMILY = "1,2";
			};
			name = Debug;
		};
		3E9B3E7C275FB54E00DD1DBA /* Release */ = {
			isa = XCBuildConfiguration;
			buildSettings = {
				ASSETCATALOG_COMPILER_APPICON_NAME = AppIcon;
				ASSETCATALOG_COMPILER_GLOBAL_ACCENT_COLOR_NAME = AccentColor;
				CODE_SIGN_STYLE = Automatic;
				CURRENT_PROJECT_VERSION = 1;
				DEVELOPMENT_ASSET_PATHS = "\"Tutorial/Preview Content\"";
				ENABLE_PREVIEWS = YES;
				GENERATE_INFOPLIST_FILE = YES;
				INFOPLIST_KEY_UIApplicationSceneManifest_Generation = YES;
				INFOPLIST_KEY_UIApplicationSupportsIndirectInputEvents = YES;
				INFOPLIST_KEY_UILaunchScreen_Generation = YES;
				INFOPLIST_KEY_UISupportedInterfaceOrientations_iPad = "UIInterfaceOrientationPortrait UIInterfaceOrientationPortraitUpsideDown UIInterfaceOrientationLandscapeLeft UIInterfaceOrientationLandscapeRight";
				INFOPLIST_KEY_UISupportedInterfaceOrientations_iPhone = "UIInterfaceOrientationPortrait UIInterfaceOrientationLandscapeLeft UIInterfaceOrientationLandscapeRight";
				LD_RUNPATH_SEARCH_PATHS = (
					"$(inherited)",
					"@executable_path/Frameworks",
				);
				MARKETING_VERSION = 1.0;
				PRODUCT_BUNDLE_IDENTIFIER = com.jeong.www.Tutorial;
				PRODUCT_NAME = "$(TARGET_NAME)";
				SWIFT_EMIT_LOC_STRINGS = YES;
				SWIFT_VERSION = 5.0;
				TARGETED_DEVICE_FAMILY = "1,2";
			};
			name = Release;
		};
		3E9B3E7E275FB54E00DD1DBA /* Debug */ = {
			isa = XCBuildConfiguration;
			buildSettings = {
				ALWAYS_EMBED_SWIFT_STANDARD_LIBRARIES = YES;
				BUNDLE_LOADER = "$(TEST_HOST)";
				CODE_SIGN_STYLE = Automatic;
				CURRENT_PROJECT_VERSION = 1;
				GENERATE_INFOPLIST_FILE = YES;
				IPHONEOS_DEPLOYMENT_TARGET = 15.0;
				LD_RUNPATH_SEARCH_PATHS = (
					"$(inherited)",
					"@executable_path/Frameworks",
					"@loader_path/Frameworks",
				);
				MARKETING_VERSION = 1.0;
				PRODUCT_BUNDLE_IDENTIFIER = com.jeong.www.TutorialTests;
				PRODUCT_NAME = "$(TARGET_NAME)";
				SWIFT_EMIT_LOC_STRINGS = NO;
				SWIFT_VERSION = 5.0;
				TARGETED_DEVICE_FAMILY = "1,2";
				TEST_HOST = "$(BUILT_PRODUCTS_DIR)/Tutorial.app/Tutorial";
			};
			name = Debug;
		};
		3E9B3E7F275FB54E00DD1DBA /* Release */ = {
			isa = XCBuildConfiguration;
			buildSettings = {
				ALWAYS_EMBED_SWIFT_STANDARD_LIBRARIES = YES;
				BUNDLE_LOADER = "$(TEST_HOST)";
				CODE_SIGN_STYLE = Automatic;
				CURRENT_PROJECT_VERSION = 1;
				GENERATE_INFOPLIST_FILE = YES;
				IPHONEOS_DEPLOYMENT_TARGET = 15.0;
				LD_RUNPATH_SEARCH_PATHS = (
					"$(inherited)",
					"@executable_path/Frameworks",
					"@loader_path/Frameworks",
				);
				MARKETING_VERSION = 1.0;
				PRODUCT_BUNDLE_IDENTIFIER = com.jeong.www.TutorialTests;
				PRODUCT_NAME = "$(TARGET_NAME)";
				SWIFT_EMIT_LOC_STRINGS = NO;
				SWIFT_VERSION = 5.0;
				TARGETED_DEVICE_FAMILY = "1,2";
				TEST_HOST = "$(BUILT_PRODUCTS_DIR)/Tutorial.app/Tutorial";
			};
			name = Release;
		};
		3E9B3E81275FB54E00DD1DBA /* Debug */ = {
			isa = XCBuildConfiguration;
			buildSettings = {
				ALWAYS_EMBED_SWIFT_STANDARD_LIBRARIES = YES;
				CODE_SIGN_STYLE = Automatic;
				CURRENT_PROJECT_VERSION = 1;
				GENERATE_INFOPLIST_FILE = YES;
				LD_RUNPATH_SEARCH_PATHS = (
					"$(inherited)",
					"@executable_path/Frameworks",
					"@loader_path/Frameworks",
				);
				MARKETING_VERSION = 1.0;
				PRODUCT_BUNDLE_IDENTIFIER = com.jeong.www.TutorialUITests;
				PRODUCT_NAME = "$(TARGET_NAME)";
				SWIFT_EMIT_LOC_STRINGS = NO;
				SWIFT_VERSION = 5.0;
				TARGETED_DEVICE_FAMILY = "1,2";
				TEST_TARGET_NAME = Tutorial;
			};
			name = Debug;
		};
		3E9B3E82275FB54E00DD1DBA /* Release */ = {
			isa = XCBuildConfiguration;
			buildSettings = {
				ALWAYS_EMBED_SWIFT_STANDARD_LIBRARIES = YES;
				CODE_SIGN_STYLE = Automatic;
				CURRENT_PROJECT_VERSION = 1;
				GENERATE_INFOPLIST_FILE = YES;
				LD_RUNPATH_SEARCH_PATHS = (
					"$(inherited)",
					"@executable_path/Frameworks",
					"@loader_path/Frameworks",
				);
				MARKETING_VERSION = 1.0;
				PRODUCT_BUNDLE_IDENTIFIER = com.jeong.www.TutorialUITests;
				PRODUCT_NAME = "$(TARGET_NAME)";
				SWIFT_EMIT_LOC_STRINGS = NO;
				SWIFT_VERSION = 5.0;
				TARGETED_DEVICE_FAMILY = "1,2";
				TEST_TARGET_NAME = Tutorial;
			};
			name = Release;
		};
/* End XCBuildConfiguration section */

/* Begin XCConfigurationList section */
		3E9B3E51275FB54D00DD1DBA /* Build configuration list for PBXProject "Tutorial" */ = {
			isa = XCConfigurationList;
			buildConfigurations = (
				3E9B3E78275FB54E00DD1DBA /* Debug */,
				3E9B3E79275FB54E00DD1DBA /* Release */,
			);
			defaultConfigurationIsVisible = 0;
			defaultConfigurationName = Release;
		};
		3E9B3E7A275FB54E00DD1DBA /* Build configuration list for PBXNativeTarget "Tutorial" */ = {
			isa = XCConfigurationList;
			buildConfigurations = (
				3E9B3E7B275FB54E00DD1DBA /* Debug */,
				3E9B3E7C275FB54E00DD1DBA /* Release */,
			);
			defaultConfigurationIsVisible = 0;
			defaultConfigurationName = Release;
		};
		3E9B3E7D275FB54E00DD1DBA /* Build configuration list for PBXNativeTarget "TutorialTests" */ = {
			isa = XCConfigurationList;
			buildConfigurations = (
				3E9B3E7E275FB54E00DD1DBA /* Debug */,
				3E9B3E7F275FB54E00DD1DBA /* Release */,
			);
			defaultConfigurationIsVisible = 0;
			defaultConfigurationName = Release;
		};
		3E9B3E80275FB54E00DD1DBA /* Build configuration list for PBXNativeTarget "TutorialUITests" */ = {
			isa = XCConfigurationList;
			buildConfigurations = (
				3E9B3E81275FB54E00DD1DBA /* Debug */,
				3E9B3E82275FB54E00DD1DBA /* Release */,
			);
			defaultConfigurationIsVisible = 0;
			defaultConfigurationName = Release;
		};
/* End XCConfigurationList section */
	};
	rootObject = 3E9B3E4E275FB54D00DD1DBA /* Project object */;
}
