// !$*UTF8*$!
{
	archiveVersion = 1;
	classes = {
	};
	objectVersion = 55;
	objects = {

/* Begin PBXBuildFile section */
		3E46222D27758DED0044CB25 /* AppDelegate.swift in Sources */ = {isa = PBXBuildFile; fileRef = 3E46222C27758DED0044CB25 /* AppDelegate.swift */; };
		3E46222F27758DED0044CB25 /* SceneDelegate.swift in Sources */ = {isa = PBXBuildFile; fileRef = 3E46222E27758DED0044CB25 /* SceneDelegate.swift */; };
		3E46223127758DED0044CB25 /* ViewController.swift in Sources */ = {isa = PBXBuildFile; fileRef = 3E46223027758DED0044CB25 /* ViewController.swift */; };
		3E46223427758DED0044CB25 /* Main.storyboard in Resources */ = {isa = PBXBuildFile; fileRef = 3E46223227758DED0044CB25 /* Main.storyboard */; };
		3E46223627758DEE0044CB25 /* Assets.xcassets in Resources */ = {isa = PBXBuildFile; fileRef = 3E46223527758DEE0044CB25 /* Assets.xcassets */; };
		3E46223927758DEE0044CB25 /* LaunchScreen.storyboard in Resources */ = {isa = PBXBuildFile; fileRef = 3E46223727758DEE0044CB25 /* LaunchScreen.storyboard */; };
		3E46224127758E7F0044CB25 /* MessageDataModel.swift in Sources */ = {isa = PBXBuildFile; fileRef = 3E46224027758E7F0044CB25 /* MessageDataModel.swift */; };
		3E462243277591220044CB25 /* NetworkMessage.swift in Sources */ = {isa = PBXBuildFile; fileRef = 3E462242277591220044CB25 /* NetworkMessage.swift */; };
		3E462245277593BF0044CB25 /* GetNetworkMessageService.swift in Sources */ = {isa = PBXBuildFile; fileRef = 3E462244277593BF0044CB25 /* GetNetworkMessageService.swift */; };
		FD50F96A18E6482F7E42801C /* Pods_JSONPrac.framework in Frameworks */ = {isa = PBXBuildFile; fileRef = 4630AFEEAB34AF0654EB7CB0 /* Pods_JSONPrac.framework */; };
/* End PBXBuildFile section */

/* Begin PBXFileReference section */
		328F037CD0B66E546BA9AE20 /* Pods-JSONPrac.release.xcconfig */ = {isa = PBXFileReference; includeInIndex = 1; lastKnownFileType = text.xcconfig; name = "Pods-JSONPrac.release.xcconfig"; path = "Target Support Files/Pods-JSONPrac/Pods-JSONPrac.release.xcconfig"; sourceTree = "<group>"; };
		3E46222927758DED0044CB25 /* JSONPrac.app */ = {isa = PBXFileReference; explicitFileType = wrapper.application; includeInIndex = 0; path = JSONPrac.app; sourceTree = BUILT_PRODUCTS_DIR; };
		3E46222C27758DED0044CB25 /* AppDelegate.swift */ = {isa = PBXFileReference; lastKnownFileType = sourcecode.swift; path = AppDelegate.swift; sourceTree = "<group>"; };
		3E46222E27758DED0044CB25 /* SceneDelegate.swift */ = {isa = PBXFileReference; lastKnownFileType = sourcecode.swift; path = SceneDelegate.swift; sourceTree = "<group>"; };
		3E46223027758DED0044CB25 /* ViewController.swift */ = {isa = PBXFileReference; lastKnownFileType = sourcecode.swift; path = ViewController.swift; sourceTree = "<group>"; };
		3E46223327758DED0044CB25 /* Base */ = {isa = PBXFileReference; lastKnownFileType = file.storyboard; name = Base; path = Base.lproj/Main.storyboard; sourceTree = "<group>"; };
		3E46223527758DEE0044CB25 /* Assets.xcassets */ = {isa = PBXFileReference; lastKnownFileType = folder.assetcatalog; path = Assets.xcassets; sourceTree = "<group>"; };
		3E46223827758DEE0044CB25 /* Base */ = {isa = PBXFileReference; lastKnownFileType = file.storyboard; name = Base; path = Base.lproj/LaunchScreen.storyboard; sourceTree = "<group>"; };
		3E46223A27758DEE0044CB25 /* Info.plist */ = {isa = PBXFileReference; lastKnownFileType = text.plist.xml; path = Info.plist; sourceTree = "<group>"; };
		3E46224027758E7F0044CB25 /* MessageDataModel.swift */ = {isa = PBXFileReference; lastKnownFileType = sourcecode.swift; path = MessageDataModel.swift; sourceTree = "<group>"; };
		3E462242277591220044CB25 /* NetworkMessage.swift */ = {isa = PBXFileReference; lastKnownFileType = sourcecode.swift; path = NetworkMessage.swift; sourceTree = "<group>"; };
		3E462244277593BF0044CB25 /* GetNetworkMessageService.swift */ = {isa = PBXFileReference; lastKnownFileType = sourcecode.swift; path = GetNetworkMessageService.swift; sourceTree = "<group>"; };
		4630AFEEAB34AF0654EB7CB0 /* Pods_JSONPrac.framework */ = {isa = PBXFileReference; explicitFileType = wrapper.framework; includeInIndex = 0; path = Pods_JSONPrac.framework; sourceTree = BUILT_PRODUCTS_DIR; };
		D48CCC54E8F4855647F6C817 /* Pods-JSONPrac.debug.xcconfig */ = {isa = PBXFileReference; includeInIndex = 1; lastKnownFileType = text.xcconfig; name = "Pods-JSONPrac.debug.xcconfig"; path = "Target Support Files/Pods-JSONPrac/Pods-JSONPrac.debug.xcconfig"; sourceTree = "<group>"; };
/* End PBXFileReference section */

/* Begin PBXFrameworksBuildPhase section */
		3E46222627758DED0044CB25 /* Frameworks */ = {
			isa = PBXFrameworksBuildPhase;
			buildActionMask = 2147483647;
			files = (
				FD50F96A18E6482F7E42801C /* Pods_JSONPrac.framework in Frameworks */,
			);
			runOnlyForDeploymentPostprocessing = 0;
		};
/* End PBXFrameworksBuildPhase section */

/* Begin PBXGroup section */
		1A2EF0E25C74FDC7781B04D0 /* Pods */ = {
			isa = PBXGroup;
			children = (
				D48CCC54E8F4855647F6C817 /* Pods-JSONPrac.debug.xcconfig */,
				328F037CD0B66E546BA9AE20 /* Pods-JSONPrac.release.xcconfig */,
			);
			path = Pods;
			sourceTree = "<group>";
		};
		3E46222027758DED0044CB25 = {
			isa = PBXGroup;
			children = (
				3E46222B27758DED0044CB25 /* JSONPrac */,
				3E46222A27758DED0044CB25 /* Products */,
				1A2EF0E25C74FDC7781B04D0 /* Pods */,
				C9D40C4E27171E40DAB383A2 /* Frameworks */,
			);
			sourceTree = "<group>";
		};
		3E46222A27758DED0044CB25 /* Products */ = {
			isa = PBXGroup;
			children = (
				3E46222927758DED0044CB25 /* JSONPrac.app */,
			);
			name = Products;
			sourceTree = "<group>";
		};
		3E46222B27758DED0044CB25 /* JSONPrac */ = {
			isa = PBXGroup;
			children = (
				3E46222C27758DED0044CB25 /* AppDelegate.swift */,
				3E46222E27758DED0044CB25 /* SceneDelegate.swift */,
				3E46223027758DED0044CB25 /* ViewController.swift */,
				3E46224027758E7F0044CB25 /* MessageDataModel.swift */,
				3E462242277591220044CB25 /* NetworkMessage.swift */,
				3E462244277593BF0044CB25 /* GetNetworkMessageService.swift */,
				3E46223227758DED0044CB25 /* Main.storyboard */,
				3E46223527758DEE0044CB25 /* Assets.xcassets */,
				3E46223727758DEE0044CB25 /* LaunchScreen.storyboard */,
				3E46223A27758DEE0044CB25 /* Info.plist */,
			);
			path = JSONPrac;
			sourceTree = "<group>";
		};
		C9D40C4E27171E40DAB383A2 /* Frameworks */ = {
			isa = PBXGroup;
			children = (
				4630AFEEAB34AF0654EB7CB0 /* Pods_JSONPrac.framework */,
			);
			name = Frameworks;
			sourceTree = "<group>";
		};
/* End PBXGroup section */

/* Begin PBXNativeTarget section */
		3E46222827758DED0044CB25 /* JSONPrac */ = {
			isa = PBXNativeTarget;
			buildConfigurationList = 3E46223D27758DEE0044CB25 /* Build configuration list for PBXNativeTarget "JSONPrac" */;
			buildPhases = (
				220C6F71D50DC536DF705879 /* [CP] Check Pods Manifest.lock */,
				3E46222527758DED0044CB25 /* Sources */,
				3E46222627758DED0044CB25 /* Frameworks */,
				3E46222727758DED0044CB25 /* Resources */,
				B1B25FDED9636AF8BFACBD56 /* [CP] Embed Pods Frameworks */,
			);
			buildRules = (
			);
			dependencies = (
			);
			name = JSONPrac;
			productName = JSONPrac;
			productReference = 3E46222927758DED0044CB25 /* JSONPrac.app */;
			productType = "com.apple.product-type.application";
		};
/* End PBXNativeTarget section */

/* Begin PBXProject section */
		3E46222127758DED0044CB25 /* Project object */ = {
			isa = PBXProject;
			attributes = {
				BuildIndependentTargetsInParallel = 1;
				LastSwiftUpdateCheck = 1310;
				LastUpgradeCheck = 1310;
				TargetAttributes = {
					3E46222827758DED0044CB25 = {
						CreatedOnToolsVersion = 13.1;
					};
				};
			};
			buildConfigurationList = 3E46222427758DED0044CB25 /* Build configuration list for PBXProject "JSONPrac" */;
			compatibilityVersion = "Xcode 13.0";
			developmentRegion = en;
			hasScannedForEncodings = 0;
			knownRegions = (
				en,
				Base,
			);
			mainGroup = 3E46222027758DED0044CB25;
			productRefGroup = 3E46222A27758DED0044CB25 /* Products */;
			projectDirPath = "";
			projectRoot = "";
			targets = (
				3E46222827758DED0044CB25 /* JSONPrac */,
			);
		};
/* End PBXProject section */

/* Begin PBXResourcesBuildPhase section */
		3E46222727758DED0044CB25 /* Resources */ = {
			isa = PBXResourcesBuildPhase;
			buildActionMask = 2147483647;
			files = (
				3E46223927758DEE0044CB25 /* LaunchScreen.storyboard in Resources */,
				3E46223627758DEE0044CB25 /* Assets.xcassets in Resources */,
				3E46223427758DED0044CB25 /* Main.storyboard in Resources */,
			);
			runOnlyForDeploymentPostprocessing = 0;
		};
/* End PBXResourcesBuildPhase section */

/* Begin PBXShellScriptBuildPhase section */
		220C6F71D50DC536DF705879 /* [CP] Check Pods Manifest.lock */ = {
			isa = PBXShellScriptBuildPhase;
			buildActionMask = 2147483647;
			files = (
			);
			inputFileListPaths = (
			);
			inputPaths = (
				"${PODS_PODFILE_DIR_PATH}/Podfile.lock",
				"${PODS_ROOT}/Manifest.lock",
			);
			name = "[CP] Check Pods Manifest.lock";
			outputFileListPaths = (
			);
			outputPaths = (
				"$(DERIVED_FILE_DIR)/Pods-JSONPrac-checkManifestLockResult.txt",
			);
			runOnlyForDeploymentPostprocessing = 0;
			shellPath = /bin/sh;
			shellScript = "diff \"${PODS_PODFILE_DIR_PATH}/Podfile.lock\" \"${PODS_ROOT}/Manifest.lock\" > /dev/null\nif [ $? != 0 ] ; then\n    # print error to STDERR\n    echo \"error: The sandbox is not in sync with the Podfile.lock. Run 'pod install' or update your CocoaPods installation.\" >&2\n    exit 1\nfi\n# This output is used by Xcode 'outputs' to avoid re-running this script phase.\necho \"SUCCESS\" > \"${SCRIPT_OUTPUT_FILE_0}\"\n";
			showEnvVarsInLog = 0;
		};
		B1B25FDED9636AF8BFACBD56 /* [CP] Embed Pods Frameworks */ = {
			isa = PBXShellScriptBuildPhase;
			buildActionMask = 2147483647;
			files = (
			);
			inputFileListPaths = (
				"${PODS_ROOT}/Target Support Files/Pods-JSONPrac/Pods-JSONPrac-frameworks-${CONFIGURATION}-input-files.xcfilelist",
			);
			name = "[CP] Embed Pods Frameworks";
			outputFileListPaths = (
				"${PODS_ROOT}/Target Support Files/Pods-JSONPrac/Pods-JSONPrac-frameworks-${CONFIGURATION}-output-files.xcfilelist",
			);
			runOnlyForDeploymentPostprocessing = 0;
			shellPath = /bin/sh;
			shellScript = "\"${PODS_ROOT}/Target Support Files/Pods-JSONPrac/Pods-JSONPrac-frameworks.sh\"\n";
			showEnvVarsInLog = 0;
		};
/* End PBXShellScriptBuildPhase section */

/* Begin PBXSourcesBuildPhase section */
		3E46222527758DED0044CB25 /* Sources */ = {
			isa = PBXSourcesBuildPhase;
			buildActionMask = 2147483647;
			files = (
				3E46223127758DED0044CB25 /* ViewController.swift in Sources */,
				3E462245277593BF0044CB25 /* GetNetworkMessageService.swift in Sources */,
				3E46224127758E7F0044CB25 /* MessageDataModel.swift in Sources */,
				3E46222D27758DED0044CB25 /* AppDelegate.swift in Sources */,
				3E462243277591220044CB25 /* NetworkMessage.swift in Sources */,
				3E46222F27758DED0044CB25 /* SceneDelegate.swift in Sources */,
			);
			runOnlyForDeploymentPostprocessing = 0;
		};
/* End PBXSourcesBuildPhase section */

/* Begin PBXVariantGroup section */
		3E46223227758DED0044CB25 /* Main.storyboard */ = {
			isa = PBXVariantGroup;
			children = (
				3E46223327758DED0044CB25 /* Base */,
			);
			name = Main.storyboard;
			sourceTree = "<group>";
		};
		3E46223727758DEE0044CB25 /* LaunchScreen.storyboard */ = {
			isa = PBXVariantGroup;
			children = (
				3E46223827758DEE0044CB25 /* Base */,
			);
			name = LaunchScreen.storyboard;
			sourceTree = "<group>";
		};
/* End PBXVariantGroup section */

/* Begin XCBuildConfiguration section */
		3E46223B27758DEE0044CB25 /* Debug */ = {
			isa = XCBuildConfiguration;
			buildSettings = {
				ALWAYS_SEARCH_USER_PATHS = NO;
				CLANG_ANALYZER_NONNULL = YES;
				CLANG_ANALYZER_NUMBER_OBJECT_CONVERSION = YES_AGGRESSIVE;
				CLANG_CXX_LANGUAGE_STANDARD = "gnu++17";
				CLANG_CXX_LIBRARY = "libc++";
				CLANG_ENABLE_MODULES = YES;
				CLANG_ENABLE_OBJC_ARC = YES;
				CLANG_ENABLE_OBJC_WEAK = YES;
				CLANG_WARN_BLOCK_CAPTURE_AUTORELEASING = YES;
				CLANG_WARN_BOOL_CONVERSION = YES;
				CLANG_WARN_COMMA = YES;
				CLANG_WARN_CONSTANT_CONVERSION = YES;
				CLANG_WARN_DEPRECATED_OBJC_IMPLEMENTATIONS = YES;
				CLANG_WARN_DIRECT_OBJC_ISA_USAGE = YES_ERROR;
				CLANG_WARN_DOCUMENTATION_COMMENTS = YES;
				CLANG_WARN_EMPTY_BODY = YES;
				CLANG_WARN_ENUM_CONVERSION = YES;
				CLANG_WARN_INFINITE_RECURSION = YES;
				CLANG_WARN_INT_CONVERSION = YES;
				CLANG_WARN_NON_LITERAL_NULL_CONVERSION = YES;
				CLANG_WARN_OBJC_IMPLICIT_RETAIN_SELF = YES;
				CLANG_WARN_OBJC_LITERAL_CONVERSION = YES;
				CLANG_WARN_OBJC_ROOT_CLASS = YES_ERROR;
				CLANG_WARN_QUOTED_INCLUDE_IN_FRAMEWORK_HEADER = YES;
				CLANG_WARN_RANGE_LOOP_ANALYSIS = YES;
				CLANG_WARN_STRICT_PROTOTYPES = YES;
				CLANG_WARN_SUSPICIOUS_MOVE = YES;
				CLANG_WARN_UNGUARDED_AVAILABILITY = YES_AGGRESSIVE;
				CLANG_WARN_UNREACHABLE_CODE = YES;
				CLANG_WARN__DUPLICATE_METHOD_MATCH = YES;
				COPY_PHASE_STRIP = NO;
				DEBUG_INFORMATION_FORMAT = dwarf;
				ENABLE_STRICT_OBJC_MSGSEND = YES;
				ENABLE_TESTABILITY = YES;
				GCC_C_LANGUAGE_STANDARD = gnu11;
				GCC_DYNAMIC_NO_PIC = NO;
				GCC_NO_COMMON_BLOCKS = YES;
				GCC_OPTIMIZATION_LEVEL = 0;
				GCC_PREPROCESSOR_DEFINITIONS = (
					"DEBUG=1",
					"$(inherited)",
				);
				GCC_WARN_64_TO_32_BIT_CONVERSION = YES;
				GCC_WARN_ABOUT_RETURN_TYPE = YES_ERROR;
				GCC_WARN_UNDECLARED_SELECTOR = YES;
				GCC_WARN_UNINITIALIZED_AUTOS = YES_AGGRESSIVE;
				GCC_WARN_UNUSED_FUNCTION = YES;
				GCC_WARN_UNUSED_VARIABLE = YES;
				IPHONEOS_DEPLOYMENT_TARGET = 15.0;
				MTL_ENABLE_DEBUG_INFO = INCLUDE_SOURCE;
				MTL_FAST_MATH = YES;
				ONLY_ACTIVE_ARCH = YES;
				SDKROOT = iphoneos;
				SWIFT_ACTIVE_COMPILATION_CONDITIONS = DEBUG;
				SWIFT_OPTIMIZATION_LEVEL = "-Onone";
			};
			name = Debug;
		};
		3E46223C27758DEE0044CB25 /* Release */ = {
			isa = XCBuildConfiguration;
			buildSettings = {
				ALWAYS_SEARCH_USER_PATHS = NO;
				CLANG_ANALYZER_NONNULL = YES;
				CLANG_ANALYZER_NUMBER_OBJECT_CONVERSION = YES_AGGRESSIVE;
				CLANG_CXX_LANGUAGE_STANDARD = "gnu++17";
				CLANG_CXX_LIBRARY = "libc++";
				CLANG_ENABLE_MODULES = YES;
				CLANG_ENABLE_OBJC_ARC = YES;
				CLANG_ENABLE_OBJC_WEAK = YES;
				CLANG_WARN_BLOCK_CAPTURE_AUTORELEASING = YES;
				CLANG_WARN_BOOL_CONVERSION = YES;
				CLANG_WARN_COMMA = YES;
				CLANG_WARN_CONSTANT_CONVERSION = YES;
				CLANG_WARN_DEPRECATED_OBJC_IMPLEMENTATIONS = YES;
				CLANG_WARN_DIRECT_OBJC_ISA_USAGE = YES_ERROR;
				CLANG_WARN_DOCUMENTATION_COMMENTS = YES;
				CLANG_WARN_EMPTY_BODY = YES;
				CLANG_WARN_ENUM_CONVERSION = YES;
				CLANG_WARN_INFINITE_RECURSION = YES;
				CLANG_WARN_INT_CONVERSION = YES;
				CLANG_WARN_NON_LITERAL_NULL_CONVERSION = YES;
				CLANG_WARN_OBJC_IMPLICIT_RETAIN_SELF = YES;
				CLANG_WARN_OBJC_LITERAL_CONVERSION = YES;
				CLANG_WARN_OBJC_ROOT_CLASS = YES_ERROR;
				CLANG_WARN_QUOTED_INCLUDE_IN_FRAMEWORK_HEADER = YES;
				CLANG_WARN_RANGE_LOOP_ANALYSIS = YES;
				CLANG_WARN_STRICT_PROTOTYPES = YES;
				CLANG_WARN_SUSPICIOUS_MOVE = YES;
				CLANG_WARN_UNGUARDED_AVAILABILITY = YES_AGGRESSIVE;
				CLANG_WARN_UNREACHABLE_CODE = YES;
				CLANG_WARN__DUPLICATE_METHOD_MATCH = YES;
				COPY_PHASE_STRIP = NO;
				DEBUG_INFORMATION_FORMAT = "dwarf-with-dsym";
				ENABLE_NS_ASSERTIONS = NO;
				ENABLE_STRICT_OBJC_MSGSEND = YES;
				GCC_C_LANGUAGE_STANDARD = gnu11;
				GCC_NO_COMMON_BLOCKS = YES;
				GCC_WARN_64_TO_32_BIT_CONVERSION = YES;
				GCC_WARN_ABOUT_RETURN_TYPE = YES_ERROR;
				GCC_WARN_UNDECLARED_SELECTOR = YES;
				GCC_WARN_UNINITIALIZED_AUTOS = YES_AGGRESSIVE;
				GCC_WARN_UNUSED_FUNCTION = YES;
				GCC_WARN_UNUSED_VARIABLE = YES;
				IPHONEOS_DEPLOYMENT_TARGET = 15.0;
				MTL_ENABLE_DEBUG_INFO = NO;
				MTL_FAST_MATH = YES;
				SDKROOT = iphoneos;
				SWIFT_COMPILATION_MODE = wholemodule;
				SWIFT_OPTIMIZATION_LEVEL = "-O";
				VALIDATE_PRODUCT = YES;
			};
			name = Release;
		};
		3E46223E27758DEE0044CB25 /* Debug */ = {
			isa = XCBuildConfiguration;
			baseConfigurationReference = D48CCC54E8F4855647F6C817 /* Pods-JSONPrac.debug.xcconfig */;
			buildSettings = {
				ASSETCATALOG_COMPILER_APPICON_NAME = AppIcon;
				ASSETCATALOG_COMPILER_GLOBAL_ACCENT_COLOR_NAME = AccentColor;
				CODE_SIGN_STYLE = Automatic;
				CURRENT_PROJECT_VERSION = 1;
				DEVELOPMENT_TEAM = ASX597UAY6;
				GENERATE_INFOPLIST_FILE = YES;
				INFOPLIST_FILE = JSONPrac/Info.plist;
				INFOPLIST_KEY_UIApplicationSupportsIndirectInputEvents = YES;
				INFOPLIST_KEY_UILaunchStoryboardName = LaunchScreen;
				INFOPLIST_KEY_UIMainStoryboardFile = Main;
				INFOPLIST_KEY_UISupportedInterfaceOrientations_iPad = "UIInterfaceOrientationPortrait UIInterfaceOrientationPortraitUpsideDown UIInterfaceOrientationLandscapeLeft UIInterfaceOrientationLandscapeRight";
				INFOPLIST_KEY_UISupportedInterfaceOrientations_iPhone = "UIInterfaceOrientationPortrait UIInterfaceOrientationLandscapeLeft UIInterfaceOrientationLandscapeRight";
				LD_RUNPATH_SEARCH_PATHS = (
					"$(inherited)",
					"@executable_path/Frameworks",
				);
				MARKETING_VERSION = 1.0;
				PRODUCT_BUNDLE_IDENTIFIER = net.yagom.JSONPrac;
				PRODUCT_NAME = "$(TARGET_NAME)";
				SWIFT_EMIT_LOC_STRINGS = YES;
				SWIFT_VERSION = 5.0;
				TARGETED_DEVICE_FAMILY = "1,2";
			};
			name = Debug;
		};
		3E46223F27758DEE0044CB25 /* Release */ = {
			isa = XCBuildConfiguration;
			baseConfigurationReference = 328F037CD0B66E546BA9AE20 /* Pods-JSONPrac.release.xcconfig */;
			buildSettings = {
				ASSETCATALOG_COMPILER_APPICON_NAME = AppIcon;
				ASSETCATALOG_COMPILER_GLOBAL_ACCENT_COLOR_NAME = AccentColor;
				CODE_SIGN_STYLE = Automatic;
				CURRENT_PROJECT_VERSION = 1;
				DEVELOPMENT_TEAM = ASX597UAY6;
				GENERATE_INFOPLIST_FILE = YES;
				INFOPLIST_FILE = JSONPrac/Info.plist;
				INFOPLIST_KEY_UIApplicationSupportsIndirectInputEvents = YES;
				INFOPLIST_KEY_UILaunchStoryboardName = LaunchScreen;
				INFOPLIST_KEY_UIMainStoryboardFile = Main;
				INFOPLIST_KEY_UISupportedInterfaceOrientations_iPad = "UIInterfaceOrientationPortrait UIInterfaceOrientationPortraitUpsideDown UIInterfaceOrientationLandscapeLeft UIInterfaceOrientationLandscapeRight";
				INFOPLIST_KEY_UISupportedInterfaceOrientations_iPhone = "UIInterfaceOrientationPortrait UIInterfaceOrientationLandscapeLeft UIInterfaceOrientationLandscapeRight";
				LD_RUNPATH_SEARCH_PATHS = (
					"$(inherited)",
					"@executable_path/Frameworks",
				);
				MARKETING_VERSION = 1.0;
				PRODUCT_BUNDLE_IDENTIFIER = net.yagom.JSONPrac;
				PRODUCT_NAME = "$(TARGET_NAME)";
				SWIFT_EMIT_LOC_STRINGS = YES;
				SWIFT_VERSION = 5.0;
				TARGETED_DEVICE_FAMILY = "1,2";
			};
			name = Release;
		};
/* End XCBuildConfiguration section */

/* Begin XCConfigurationList section */
		3E46222427758DED0044CB25 /* Build configuration list for PBXProject "JSONPrac" */ = {
			isa = XCConfigurationList;
			buildConfigurations = (
				3E46223B27758DEE0044CB25 /* Debug */,
				3E46223C27758DEE0044CB25 /* Release */,
			);
			defaultConfigurationIsVisible = 0;
			defaultConfigurationName = Release;
		};
		3E46223D27758DEE0044CB25 /* Build configuration list for PBXNativeTarget "JSONPrac" */ = {
			isa = XCConfigurationList;
			buildConfigurations = (
				3E46223E27758DEE0044CB25 /* Debug */,
				3E46223F27758DEE0044CB25 /* Release */,
			);
			defaultConfigurationIsVisible = 0;
			defaultConfigurationName = Release;
		};
/* End XCConfigurationList section */
	};
	rootObject = 3E46222127758DED0044CB25 /* Project object */;
}
